// !$*UTF8*$!
{
	archiveVersion = 1;
	classes = {
	};
	objectVersion = 56;
	objects = {

/* Begin PBXBuildFile section */
		EF2E15452B9C85F80042A687 /* AppDelegate.swift in Sources */ = {isa = PBXBuildFile; fileRef = EF2E15442B9C85F80042A687 /* AppDelegate.swift */; };
		EF2E154F2B9C85F80042A687 /* HospitalApp.xcdatamodeld in Sources */ = {isa = PBXBuildFile; fileRef = EF2E154D2B9C85F80042A687 /* HospitalApp.xcdatamodeld */; };
		EF2E15512B9C85FA0042A687 /* Assets.xcassets in Resources */ = {isa = PBXBuildFile; fileRef = EF2E15502B9C85FA0042A687 /* Assets.xcassets */; };
		EF2E15542B9C85FA0042A687 /* LaunchScreen.storyboard in Resources */ = {isa = PBXBuildFile; fileRef = EF2E15522B9C85FA0042A687 /* LaunchScreen.storyboard */; };
		EF2E155F2B9C85FA0042A687 /* HospitalAppTests.swift in Sources */ = {isa = PBXBuildFile; fileRef = EF2E155E2B9C85FA0042A687 /* HospitalAppTests.swift */; };
		EF2E15692B9C85FA0042A687 /* HospitalAppUITests.swift in Sources */ = {isa = PBXBuildFile; fileRef = EF2E15682B9C85FA0042A687 /* HospitalAppUITests.swift */; };
		EF2E156B2B9C85FA0042A687 /* HospitalAppUITestsLaunchTests.swift in Sources */ = {isa = PBXBuildFile; fileRef = EF2E156A2B9C85FA0042A687 /* HospitalAppUITestsLaunchTests.swift */; };
		EF2E157A2B9C87BB0042A687 /* PatientModule.storyboard in Resources */ = {isa = PBXBuildFile; fileRef = EF2E15792B9C87BB0042A687 /* PatientModule.storyboard */; };
		EF2E157E2B9C88200042A687 /* AllPatientViewController.swift in Sources */ = {isa = PBXBuildFile; fileRef = EF2E157D2B9C88200042A687 /* AllPatientViewController.swift */; };
		EF2E15812B9C897C0042A687 /* Constants.swift in Sources */ = {isa = PBXBuildFile; fileRef = EF2E15802B9C897C0042A687 /* Constants.swift */; };
		EF2E15892B9C8DDD0042A687 /* PatientTableViewCell.swift in Sources */ = {isa = PBXBuildFile; fileRef = EF2E15872B9C8DDD0042A687 /* PatientTableViewCell.swift */; };
		EF2E158A2B9C8DDD0042A687 /* PatientTableViewCell.xib in Resources */ = {isa = PBXBuildFile; fileRef = EF2E15882B9C8DDD0042A687 /* PatientTableViewCell.xib */; };
		EF2E158D2B9C923C0042A687 /* PatientDetailsViewController.swift in Sources */ = {isa = PBXBuildFile; fileRef = EF2E158C2B9C923C0042A687 /* PatientDetailsViewController.swift */; };
		EF2E15912B9C926C0042A687 /* PatientSummaryTableViewCell.swift in Sources */ = {isa = PBXBuildFile; fileRef = EF2E158F2B9C926C0042A687 /* PatientSummaryTableViewCell.swift */; };
		EF2E15922B9C926C0042A687 /* PatientSummaryTableViewCell.xib in Resources */ = {isa = PBXBuildFile; fileRef = EF2E15902B9C926C0042A687 /* PatientSummaryTableViewCell.xib */; };
/* End PBXBuildFile section */

/* Begin PBXContainerItemProxy section */
		EF2E155B2B9C85FA0042A687 /* PBXContainerItemProxy */ = {
			isa = PBXContainerItemProxy;
			containerPortal = EF2E15392B9C85F80042A687 /* Project object */;
			proxyType = 1;
			remoteGlobalIDString = EF2E15402B9C85F80042A687;
			remoteInfo = HospitalApp;
		};
		EF2E15652B9C85FA0042A687 /* PBXContainerItemProxy */ = {
			isa = PBXContainerItemProxy;
			containerPortal = EF2E15392B9C85F80042A687 /* Project object */;
			proxyType = 1;
			remoteGlobalIDString = EF2E15402B9C85F80042A687;
			remoteInfo = HospitalApp;
		};
/* End PBXContainerItemProxy section */

/* Begin PBXFileReference section */
		EF2E15412B9C85F80042A687 /* HospitalApp.app */ = {isa = PBXFileReference; explicitFileType = wrapper.application; includeInIndex = 0; path = HospitalApp.app; sourceTree = BUILT_PRODUCTS_DIR; };
		EF2E15442B9C85F80042A687 /* AppDelegate.swift */ = {isa = PBXFileReference; lastKnownFileType = sourcecode.swift; path = AppDelegate.swift; sourceTree = "<group>"; };
		EF2E154E2B9C85F80042A687 /* HospitalApp.xcdatamodel */ = {isa = PBXFileReference; lastKnownFileType = wrapper.xcdatamodel; path = HospitalApp.xcdatamodel; sourceTree = "<group>"; };
		EF2E15502B9C85FA0042A687 /* Assets.xcassets */ = {isa = PBXFileReference; lastKnownFileType = folder.assetcatalog; path = Assets.xcassets; sourceTree = "<group>"; };
		EF2E15532B9C85FA0042A687 /* Base */ = {isa = PBXFileReference; lastKnownFileType = file.storyboard; name = Base; path = Base.lproj/LaunchScreen.storyboard; sourceTree = "<group>"; };
		EF2E15552B9C85FA0042A687 /* Info.plist */ = {isa = PBXFileReference; lastKnownFileType = text.plist.xml; path = Info.plist; sourceTree = "<group>"; };
		EF2E155A2B9C85FA0042A687 /* HospitalAppTests.xctest */ = {isa = PBXFileReference; explicitFileType = wrapper.cfbundle; includeInIndex = 0; path = HospitalAppTests.xctest; sourceTree = BUILT_PRODUCTS_DIR; };
		EF2E155E2B9C85FA0042A687 /* HospitalAppTests.swift */ = {isa = PBXFileReference; lastKnownFileType = sourcecode.swift; path = HospitalAppTests.swift; sourceTree = "<group>"; };
		EF2E15642B9C85FA0042A687 /* HospitalAppUITests.xctest */ = {isa = PBXFileReference; explicitFileType = wrapper.cfbundle; includeInIndex = 0; path = HospitalAppUITests.xctest; sourceTree = BUILT_PRODUCTS_DIR; };
		EF2E15682B9C85FA0042A687 /* HospitalAppUITests.swift */ = {isa = PBXFileReference; lastKnownFileType = sourcecode.swift; path = HospitalAppUITests.swift; sourceTree = "<group>"; };
		EF2E156A2B9C85FA0042A687 /* HospitalAppUITestsLaunchTests.swift */ = {isa = PBXFileReference; lastKnownFileType = sourcecode.swift; path = HospitalAppUITestsLaunchTests.swift; sourceTree = "<group>"; };
		EF2E15792B9C87BB0042A687 /* PatientModule.storyboard */ = {isa = PBXFileReference; lastKnownFileType = file.storyboard; path = PatientModule.storyboard; sourceTree = "<group>"; };
		EF2E157D2B9C88200042A687 /* AllPatientViewController.swift */ = {isa = PBXFileReference; lastKnownFileType = sourcecode.swift; path = AllPatientViewController.swift; sourceTree = "<group>"; };
		EF2E15802B9C897C0042A687 /* Constants.swift */ = {isa = PBXFileReference; lastKnownFileType = sourcecode.swift; path = Constants.swift; sourceTree = "<group>"; };
		EF2E15872B9C8DDD0042A687 /* PatientTableViewCell.swift */ = {isa = PBXFileReference; lastKnownFileType = sourcecode.swift; path = PatientTableViewCell.swift; sourceTree = "<group>"; };
		EF2E15882B9C8DDD0042A687 /* PatientTableViewCell.xib */ = {isa = PBXFileReference; lastKnownFileType = file.xib; path = PatientTableViewCell.xib; sourceTree = "<group>"; };
		EF2E158C2B9C923C0042A687 /* PatientDetailsViewController.swift */ = {isa = PBXFileReference; lastKnownFileType = sourcecode.swift; path = PatientDetailsViewController.swift; sourceTree = "<group>"; };
		EF2E158F2B9C926C0042A687 /* PatientSummaryTableViewCell.swift */ = {isa = PBXFileReference; lastKnownFileType = sourcecode.swift; path = PatientSummaryTableViewCell.swift; sourceTree = "<group>"; };
		EF2E15902B9C926C0042A687 /* PatientSummaryTableViewCell.xib */ = {isa = PBXFileReference; lastKnownFileType = file.xib; path = PatientSummaryTableViewCell.xib; sourceTree = "<group>"; };
/* End PBXFileReference section */

/* Begin PBXFrameworksBuildPhase section */
		EF2E153E2B9C85F80042A687 /* Frameworks */ = {
			isa = PBXFrameworksBuildPhase;
			buildActionMask = 2147483647;
			files = (
			);
			runOnlyForDeploymentPostprocessing = 0;
		};
		EF2E15572B9C85FA0042A687 /* Frameworks */ = {
			isa = PBXFrameworksBuildPhase;
			buildActionMask = 2147483647;
			files = (
			);
			runOnlyForDeploymentPostprocessing = 0;
		};
		EF2E15612B9C85FA0042A687 /* Frameworks */ = {
			isa = PBXFrameworksBuildPhase;
			buildActionMask = 2147483647;
			files = (
			);
			runOnlyForDeploymentPostprocessing = 0;
		};
/* End PBXFrameworksBuildPhase section */

/* Begin PBXGroup section */
		EF2E15382B9C85F80042A687 = {
			isa = PBXGroup;
			children = (
				EF2E15432B9C85F80042A687 /* HospitalApp */,
				EF2E155D2B9C85FA0042A687 /* HospitalAppTests */,
				EF2E15672B9C85FA0042A687 /* HospitalAppUITests */,
				EF2E15422B9C85F80042A687 /* Products */,
			);
			sourceTree = "<group>";
		};
		EF2E15422B9C85F80042A687 /* Products */ = {
			isa = PBXGroup;
			children = (
				EF2E15412B9C85F80042A687 /* HospitalApp.app */,
				EF2E155A2B9C85FA0042A687 /* HospitalAppTests.xctest */,
				EF2E15642B9C85FA0042A687 /* HospitalAppUITests.xctest */,
			);
			name = Products;
			sourceTree = "<group>";
		};
		EF2E15432B9C85F80042A687 /* HospitalApp */ = {
			isa = PBXGroup;
			children = (
				EF2E157F2B9C896C0042A687 /* Utils */,
				EF2E15772B9C87020042A687 /* Presenter */,
				EF2E15442B9C85F80042A687 /* AppDelegate.swift */,
				EF2E15502B9C85FA0042A687 /* Assets.xcassets */,
				EF2E15522B9C85FA0042A687 /* LaunchScreen.storyboard */,
				EF2E15552B9C85FA0042A687 /* Info.plist */,
				EF2E154D2B9C85F80042A687 /* HospitalApp.xcdatamodeld */,
			);
			path = HospitalApp;
			sourceTree = "<group>";
		};
		EF2E155D2B9C85FA0042A687 /* HospitalAppTests */ = {
			isa = PBXGroup;
			children = (
				EF2E155E2B9C85FA0042A687 /* HospitalAppTests.swift */,
			);
			path = HospitalAppTests;
			sourceTree = "<group>";
		};
		EF2E15672B9C85FA0042A687 /* HospitalAppUITests */ = {
			isa = PBXGroup;
			children = (
				EF2E15682B9C85FA0042A687 /* HospitalAppUITests.swift */,
				EF2E156A2B9C85FA0042A687 /* HospitalAppUITestsLaunchTests.swift */,
			);
			path = HospitalAppUITests;
			sourceTree = "<group>";
		};
		EF2E15772B9C87020042A687 /* Presenter */ = {
			isa = PBXGroup;
			children = (
				EF2E157C2B9C87F10042A687 /* PatientModule */,
			);
			path = Presenter;
			sourceTree = "<group>";
		};
		EF2E15782B9C870B0042A687 /* Storyboard */ = {
			isa = PBXGroup;
			children = (
				EF2E15792B9C87BB0042A687 /* PatientModule.storyboard */,
			);
			path = Storyboard;
			sourceTree = "<group>";
		};
		EF2E157B2B9C87E20042A687 /* Controllers */ = {
			isa = PBXGroup;
			children = (
				EF2E158B2B9C92090042A687 /* PatientDetailsVC */,
				EF2E15852B9C8CBD0042A687 /* AllPatientsVC */,
			);
			path = Controllers;
			sourceTree = "<group>";
		};
		EF2E157C2B9C87F10042A687 /* PatientModule */ = {
			isa = PBXGroup;
			children = (
				EF2E157B2B9C87E20042A687 /* Controllers */,
				EF2E15782B9C870B0042A687 /* Storyboard */,
			);
			path = PatientModule;
			sourceTree = "<group>";
		};
		EF2E157F2B9C896C0042A687 /* Utils */ = {
			isa = PBXGroup;
			children = (
				EF2E15802B9C897C0042A687 /* Constants.swift */,
			);
			path = Utils;
			sourceTree = "<group>";
		};
		EF2E15852B9C8CBD0042A687 /* AllPatientsVC */ = {
			isa = PBXGroup;
			children = (
				EF2E15862B9C8CCE0042A687 /* Cells */,
				EF2E157D2B9C88200042A687 /* AllPatientViewController.swift */,
			);
			path = AllPatientsVC;
			sourceTree = "<group>";
		};
		EF2E15862B9C8CCE0042A687 /* Cells */ = {
			isa = PBXGroup;
			children = (
				EF2E15872B9C8DDD0042A687 /* PatientTableViewCell.swift */,
				EF2E15882B9C8DDD0042A687 /* PatientTableViewCell.xib */,
			);
			path = Cells;
			sourceTree = "<group>";
		};
		EF2E158B2B9C92090042A687 /* PatientDetailsVC */ = {
			isa = PBXGroup;
			children = (
				EF2E158E2B9C924A0042A687 /* Cells */,
				EF2E158C2B9C923C0042A687 /* PatientDetailsViewController.swift */,
			);
			path = PatientDetailsVC;
			sourceTree = "<group>";
		};
		EF2E158E2B9C924A0042A687 /* Cells */ = {
			isa = PBXGroup;
			children = (
				EF2E158F2B9C926C0042A687 /* PatientSummaryTableViewCell.swift */,
				EF2E15902B9C926C0042A687 /* PatientSummaryTableViewCell.xib */,
			);
			path = Cells;
			sourceTree = "<group>";
		};
/* End PBXGroup section */

/* Begin PBXNativeTarget section */
		EF2E15402B9C85F80042A687 /* HospitalApp */ = {
			isa = PBXNativeTarget;
			buildConfigurationList = EF2E156E2B9C85FA0042A687 /* Build configuration list for PBXNativeTarget "HospitalApp" */;
			buildPhases = (
				EF2E153D2B9C85F80042A687 /* Sources */,
				EF2E153E2B9C85F80042A687 /* Frameworks */,
				EF2E153F2B9C85F80042A687 /* Resources */,
			);
			buildRules = (
			);
			dependencies = (
			);
			name = HospitalApp;
			productName = HospitalApp;
			productReference = EF2E15412B9C85F80042A687 /* HospitalApp.app */;
			productType = "com.apple.product-type.application";
		};
		EF2E15592B9C85FA0042A687 /* HospitalAppTests */ = {
			isa = PBXNativeTarget;
			buildConfigurationList = EF2E15712B9C85FA0042A687 /* Build configuration list for PBXNativeTarget "HospitalAppTests" */;
			buildPhases = (
				EF2E15562B9C85FA0042A687 /* Sources */,
				EF2E15572B9C85FA0042A687 /* Frameworks */,
				EF2E15582B9C85FA0042A687 /* Resources */,
			);
			buildRules = (
			);
			dependencies = (
				EF2E155C2B9C85FA0042A687 /* PBXTargetDependency */,
			);
			name = HospitalAppTests;
			productName = HospitalAppTests;
			productReference = EF2E155A2B9C85FA0042A687 /* HospitalAppTests.xctest */;
			productType = "com.apple.product-type.bundle.unit-test";
		};
		EF2E15632B9C85FA0042A687 /* HospitalAppUITests */ = {
			isa = PBXNativeTarget;
			buildConfigurationList = EF2E15742B9C85FA0042A687 /* Build configuration list for PBXNativeTarget "HospitalAppUITests" */;
			buildPhases = (
				EF2E15602B9C85FA0042A687 /* Sources */,
				EF2E15612B9C85FA0042A687 /* Frameworks */,
				EF2E15622B9C85FA0042A687 /* Resources */,
			);
			buildRules = (
			);
			dependencies = (
				EF2E15662B9C85FA0042A687 /* PBXTargetDependency */,
			);
			name = HospitalAppUITests;
			productName = HospitalAppUITests;
			productReference = EF2E15642B9C85FA0042A687 /* HospitalAppUITests.xctest */;
			productType = "com.apple.product-type.bundle.ui-testing";
		};
/* End PBXNativeTarget section */

/* Begin PBXProject section */
		EF2E15392B9C85F80042A687 /* Project object */ = {
			isa = PBXProject;
			attributes = {
				BuildIndependentTargetsInParallel = 1;
				LastSwiftUpdateCheck = 1520;
				LastUpgradeCheck = 1520;
				TargetAttributes = {
					EF2E15402B9C85F80042A687 = {
						CreatedOnToolsVersion = 15.2;
					};
					EF2E15592B9C85FA0042A687 = {
						CreatedOnToolsVersion = 15.2;
						TestTargetID = EF2E15402B9C85F80042A687;
					};
					EF2E15632B9C85FA0042A687 = {
						CreatedOnToolsVersion = 15.2;
						TestTargetID = EF2E15402B9C85F80042A687;
					};
				};
			};
			buildConfigurationList = EF2E153C2B9C85F80042A687 /* Build configuration list for PBXProject "HospitalApp" */;
			compatibilityVersion = "Xcode 14.0";
			developmentRegion = en;
			hasScannedForEncodings = 0;
			knownRegions = (
				en,
				Base,
			);
			mainGroup = EF2E15382B9C85F80042A687;
			productRefGroup = EF2E15422B9C85F80042A687 /* Products */;
			projectDirPath = "";
			projectRoot = "";
			targets = (
				EF2E15402B9C85F80042A687 /* HospitalApp */,
				EF2E15592B9C85FA0042A687 /* HospitalAppTests */,
				EF2E15632B9C85FA0042A687 /* HospitalAppUITests */,
			);
		};
/* End PBXProject section */

/* Begin PBXResourcesBuildPhase section */
		EF2E153F2B9C85F80042A687 /* Resources */ = {
			isa = PBXResourcesBuildPhase;
			buildActionMask = 2147483647;
			files = (
				EF2E157A2B9C87BB0042A687 /* PatientModule.storyboard in Resources */,
				EF2E15922B9C926C0042A687 /* PatientSummaryTableViewCell.xib in Resources */,
				EF2E158A2B9C8DDD0042A687 /* PatientTableViewCell.xib in Resources */,
				EF2E15542B9C85FA0042A687 /* LaunchScreen.storyboard in Resources */,
				EF2E15512B9C85FA0042A687 /* Assets.xcassets in Resources */,
			);
			runOnlyForDeploymentPostprocessing = 0;
		};
		EF2E15582B9C85FA0042A687 /* Resources */ = {
			isa = PBXResourcesBuildPhase;
			buildActionMask = 2147483647;
			files = (
			);
			runOnlyForDeploymentPostprocessing = 0;
		};
		EF2E15622B9C85FA0042A687 /* Resources */ = {
			isa = PBXResourcesBuildPhase;
			buildActionMask = 2147483647;
			files = (
			);
			runOnlyForDeploymentPostprocessing = 0;
		};
/* End PBXResourcesBuildPhase section */

/* Begin PBXSourcesBuildPhase section */
		EF2E153D2B9C85F80042A687 /* Sources */ = {
			isa = PBXSourcesBuildPhase;
			buildActionMask = 2147483647;
			files = (
				EF2E154F2B9C85F80042A687 /* HospitalApp.xcdatamodeld in Sources */,
				EF2E15452B9C85F80042A687 /* AppDelegate.swift in Sources */,
				EF2E15892B9C8DDD0042A687 /* PatientTableViewCell.swift in Sources */,
				EF2E15912B9C926C0042A687 /* PatientSummaryTableViewCell.swift in Sources */,
				EF2E157E2B9C88200042A687 /* AllPatientViewController.swift in Sources */,
				EF2E15812B9C897C0042A687 /* Constants.swift in Sources */,
				EF2E158D2B9C923C0042A687 /* PatientDetailsViewController.swift in Sources */,
			);
			runOnlyForDeploymentPostprocessing = 0;
		};
		EF2E15562B9C85FA0042A687 /* Sources */ = {
			isa = PBXSourcesBuildPhase;
			buildActionMask = 2147483647;
			files = (
				EF2E155F2B9C85FA0042A687 /* HospitalAppTests.swift in Sources */,
			);
			runOnlyForDeploymentPostprocessing = 0;
		};
		EF2E15602B9C85FA0042A687 /* Sources */ = {
			isa = PBXSourcesBuildPhase;
			buildActionMask = 2147483647;
			files = (
				EF2E156B2B9C85FA0042A687 /* HospitalAppUITestsLaunchTests.swift in Sources */,
				EF2E15692B9C85FA0042A687 /* HospitalAppUITests.swift in Sources */,
			);
			runOnlyForDeploymentPostprocessing = 0;
		};
/* End PBXSourcesBuildPhase section */

/* Begin PBXTargetDependency section */
		EF2E155C2B9C85FA0042A687 /* PBXTargetDependency */ = {
			isa = PBXTargetDependency;
			target = EF2E15402B9C85F80042A687 /* HospitalApp */;
			targetProxy = EF2E155B2B9C85FA0042A687 /* PBXContainerItemProxy */;
		};
		EF2E15662B9C85FA0042A687 /* PBXTargetDependency */ = {
			isa = PBXTargetDependency;
			target = EF2E15402B9C85F80042A687 /* HospitalApp */;
			targetProxy = EF2E15652B9C85FA0042A687 /* PBXContainerItemProxy */;
		};
/* End PBXTargetDependency section */

/* Begin PBXVariantGroup section */
		EF2E15522B9C85FA0042A687 /* LaunchScreen.storyboard */ = {
			isa = PBXVariantGroup;
			children = (
				EF2E15532B9C85FA0042A687 /* Base */,
			);
			name = LaunchScreen.storyboard;
			sourceTree = "<group>";
		};
/* End PBXVariantGroup section */

/* Begin XCBuildConfiguration section */
		EF2E156C2B9C85FA0042A687 /* Debug */ = {
			isa = XCBuildConfiguration;
			buildSettings = {
				ALWAYS_SEARCH_USER_PATHS = NO;
				ASSETCATALOG_COMPILER_GENERATE_SWIFT_ASSET_SYMBOL_EXTENSIONS = YES;
				CLANG_ANALYZER_NONNULL = YES;
				CLANG_ANALYZER_NUMBER_OBJECT_CONVERSION = YES_AGGRESSIVE;
				CLANG_CXX_LANGUAGE_STANDARD = "gnu++20";
				CLANG_ENABLE_MODULES = YES;
				CLANG_ENABLE_OBJC_ARC = YES;
				CLANG_ENABLE_OBJC_WEAK = YES;
				CLANG_WARN_BLOCK_CAPTURE_AUTORELEASING = YES;
				CLANG_WARN_BOOL_CONVERSION = YES;
				CLANG_WARN_COMMA = YES;
				CLANG_WARN_CONSTANT_CONVERSION = YES;
				CLANG_WARN_DEPRECATED_OBJC_IMPLEMENTATIONS = YES;
				CLANG_WARN_DIRECT_OBJC_ISA_USAGE = YES_ERROR;
				CLANG_WARN_DOCUMENTATION_COMMENTS = YES;
				CLANG_WARN_EMPTY_BODY = YES;
				CLANG_WARN_ENUM_CONVERSION = YES;
				CLANG_WARN_INFINITE_RECURSION = YES;
				CLANG_WARN_INT_CONVERSION = YES;
				CLANG_WARN_NON_LITERAL_NULL_CONVERSION = YES;
				CLANG_WARN_OBJC_IMPLICIT_RETAIN_SELF = YES;
				CLANG_WARN_OBJC_LITERAL_CONVERSION = YES;
				CLANG_WARN_OBJC_ROOT_CLASS = YES_ERROR;
				CLANG_WARN_QUOTED_INCLUDE_IN_FRAMEWORK_HEADER = YES;
				CLANG_WARN_RANGE_LOOP_ANALYSIS = YES;
				CLANG_WARN_STRICT_PROTOTYPES = YES;
				CLANG_WARN_SUSPICIOUS_MOVE = YES;
				CLANG_WARN_UNGUARDED_AVAILABILITY = YES_AGGRESSIVE;
				CLANG_WARN_UNREACHABLE_CODE = YES;
				CLANG_WARN__DUPLICATE_METHOD_MATCH = YES;
				COPY_PHASE_STRIP = NO;
				DEBUG_INFORMATION_FORMAT = dwarf;
				ENABLE_STRICT_OBJC_MSGSEND = YES;
				ENABLE_TESTABILITY = YES;
				ENABLE_USER_SCRIPT_SANDBOXING = YES;
				GCC_C_LANGUAGE_STANDARD = gnu17;
				GCC_DYNAMIC_NO_PIC = NO;
				GCC_NO_COMMON_BLOCKS = YES;
				GCC_OPTIMIZATION_LEVEL = 0;
				GCC_PREPROCESSOR_DEFINITIONS = (
					"DEBUG=1",
					"$(inherited)",
				);
				GCC_WARN_64_TO_32_BIT_CONVERSION = YES;
				GCC_WARN_ABOUT_RETURN_TYPE = YES_ERROR;
				GCC_WARN_UNDECLARED_SELECTOR = YES;
				GCC_WARN_UNINITIALIZED_AUTOS = YES_AGGRESSIVE;
				GCC_WARN_UNUSED_FUNCTION = YES;
				GCC_WARN_UNUSED_VARIABLE = YES;
				IPHONEOS_DEPLOYMENT_TARGET = 13.0;
				LOCALIZATION_PREFERS_STRING_CATALOGS = YES;
				MTL_ENABLE_DEBUG_INFO = INCLUDE_SOURCE;
				MTL_FAST_MATH = YES;
				ONLY_ACTIVE_ARCH = YES;
				SDKROOT = iphoneos;
				SWIFT_ACTIVE_COMPILATION_CONDITIONS = "DEBUG $(inherited)";
				SWIFT_OPTIMIZATION_LEVEL = "-Onone";
			};
			name = Debug;
		};
		EF2E156D2B9C85FA0042A687 /* Release */ = {
			isa = XCBuildConfiguration;
			buildSettings = {
				ALWAYS_SEARCH_USER_PATHS = NO;
				ASSETCATALOG_COMPILER_GENERATE_SWIFT_ASSET_SYMBOL_EXTENSIONS = YES;
				CLANG_ANALYZER_NONNULL = YES;
				CLANG_ANALYZER_NUMBER_OBJECT_CONVERSION = YES_AGGRESSIVE;
				CLANG_CXX_LANGUAGE_STANDARD = "gnu++20";
				CLANG_ENABLE_MODULES = YES;
				CLANG_ENABLE_OBJC_ARC = YES;
				CLANG_ENABLE_OBJC_WEAK = YES;
				CLANG_WARN_BLOCK_CAPTURE_AUTORELEASING = YES;
				CLANG_WARN_BOOL_CONVERSION = YES;
				CLANG_WARN_COMMA = YES;
				CLANG_WARN_CONSTANT_CONVERSION = YES;
				CLANG_WARN_DEPRECATED_OBJC_IMPLEMENTATIONS = YES;
				CLANG_WARN_DIRECT_OBJC_ISA_USAGE = YES_ERROR;
				CLANG_WARN_DOCUMENTATION_COMMENTS = YES;
				CLANG_WARN_EMPTY_BODY = YES;
				CLANG_WARN_ENUM_CONVERSION = YES;
				CLANG_WARN_INFINITE_RECURSION = YES;
				CLANG_WARN_INT_CONVERSION = YES;
				CLANG_WARN_NON_LITERAL_NULL_CONVERSION = YES;
				CLANG_WARN_OBJC_IMPLICIT_RETAIN_SELF = YES;
				CLANG_WARN_OBJC_LITERAL_CONVERSION = YES;
				CLANG_WARN_OBJC_ROOT_CLASS = YES_ERROR;
				CLANG_WARN_QUOTED_INCLUDE_IN_FRAMEWORK_HEADER = YES;
				CLANG_WARN_RANGE_LOOP_ANALYSIS = YES;
				CLANG_WARN_STRICT_PROTOTYPES = YES;
				CLANG_WARN_SUSPICIOUS_MOVE = YES;
				CLANG_WARN_UNGUARDED_AVAILABILITY = YES_AGGRESSIVE;
				CLANG_WARN_UNREACHABLE_CODE = YES;
				CLANG_WARN__DUPLICATE_METHOD_MATCH = YES;
				COPY_PHASE_STRIP = NO;
				DEBUG_INFORMATION_FORMAT = "dwarf-with-dsym";
				ENABLE_NS_ASSERTIONS = NO;
				ENABLE_STRICT_OBJC_MSGSEND = YES;
				ENABLE_USER_SCRIPT_SANDBOXING = YES;
				GCC_C_LANGUAGE_STANDARD = gnu17;
				GCC_NO_COMMON_BLOCKS = YES;
				GCC_WARN_64_TO_32_BIT_CONVERSION = YES;
				GCC_WARN_ABOUT_RETURN_TYPE = YES_ERROR;
				GCC_WARN_UNDECLARED_SELECTOR = YES;
				GCC_WARN_UNINITIALIZED_AUTOS = YES_AGGRESSIVE;
				GCC_WARN_UNUSED_FUNCTION = YES;
				GCC_WARN_UNUSED_VARIABLE = YES;
				IPHONEOS_DEPLOYMENT_TARGET = 13.0;
				LOCALIZATION_PREFERS_STRING_CATALOGS = YES;
				MTL_ENABLE_DEBUG_INFO = NO;
				MTL_FAST_MATH = YES;
				SDKROOT = iphoneos;
				SWIFT_COMPILATION_MODE = wholemodule;
				VALIDATE_PRODUCT = YES;
			};
			name = Release;
		};
		EF2E156F2B9C85FA0042A687 /* Debug */ = {
			isa = XCBuildConfiguration;
			buildSettings = {
				ASSETCATALOG_COMPILER_APPICON_NAME = AppIcon;
				ASSETCATALOG_COMPILER_GLOBAL_ACCENT_COLOR_NAME = AccentColor;
				CODE_SIGN_STYLE = Automatic;
				CURRENT_PROJECT_VERSION = 1;
				DEVELOPMENT_TEAM = 4BU3XJ6FN7;
				GENERATE_INFOPLIST_FILE = YES;
				INFOPLIST_FILE = HospitalApp/Info.plist;
				INFOPLIST_KEY_CFBundleDisplayName = HospitalDemo;
				INFOPLIST_KEY_UIApplicationSupportsIndirectInputEvents = YES;
				INFOPLIST_KEY_UILaunchStoryboardName = LaunchScreen;
				INFOPLIST_KEY_UISupportedInterfaceOrientations_iPad = "UIInterfaceOrientationPortrait UIInterfaceOrientationPortraitUpsideDown UIInterfaceOrientationLandscapeLeft UIInterfaceOrientationLandscapeRight";
				INFOPLIST_KEY_UISupportedInterfaceOrientations_iPhone = "UIInterfaceOrientationPortrait UIInterfaceOrientationLandscapeLeft UIInterfaceOrientationLandscapeRight";
				IPHONEOS_DEPLOYMENT_TARGET = 13.0;
				LD_RUNPATH_SEARCH_PATHS = (
					"$(inherited)",
					"@executable_path/Frameworks",
				);
				MARKETING_VERSION = 1.0;
				PRODUCT_BUNDLE_IDENTIFIER = demo.HospitalApp;
				PRODUCT_NAME = "$(TARGET_NAME)";
				SWIFT_EMIT_LOC_STRINGS = YES;
				SWIFT_VERSION = 5.0;
				TARGETED_DEVICE_FAMILY = "1,2";
			};
			name = Debug;
		};
		EF2E15702B9C85FA0042A687 /* Release */ = {
			isa = XCBuildConfiguration;
			buildSettings = {
				ASSETCATALOG_COMPILER_APPICON_NAME = AppIcon;
				ASSETCATALOG_COMPILER_GLOBAL_ACCENT_COLOR_NAME = AccentColor;
				CODE_SIGN_STYLE = Automatic;
				CURRENT_PROJECT_VERSION = 1;
				DEVELOPMENT_TEAM = 4BU3XJ6FN7;
				GENERATE_INFOPLIST_FILE = YES;
				INFOPLIST_FILE = HospitalApp/Info.plist;
				INFOPLIST_KEY_CFBundleDisplayName = HospitalDemo;
				INFOPLIST_KEY_UIApplicationSupportsIndirectInputEvents = YES;
				INFOPLIST_KEY_UILaunchStoryboardName = LaunchScreen;
				INFOPLIST_KEY_UISupportedInterfaceOrientations_iPad = "UIInterfaceOrientationPortrait UIInterfaceOrientationPortraitUpsideDown UIInterfaceOrientationLandscapeLeft UIInterfaceOrientationLandscapeRight";
				INFOPLIST_KEY_UISupportedInterfaceOrientations_iPhone = "UIInterfaceOrientationPortrait UIInterfaceOrientationLandscapeLeft UIInterfaceOrientationLandscapeRight";
				IPHONEOS_DEPLOYMENT_TARGET = 13.0;
				LD_RUNPATH_SEARCH_PATHS = (
					"$(inherited)",
					"@executable_path/Frameworks",
				);
				MARKETING_VERSION = 1.0;
				PRODUCT_BUNDLE_IDENTIFIER = demo.HospitalApp;
				PRODUCT_NAME = "$(TARGET_NAME)";
				SWIFT_EMIT_LOC_STRINGS = YES;
				SWIFT_VERSION = 5.0;
				TARGETED_DEVICE_FAMILY = "1,2";
			};
			name = Release;
		};
		EF2E15722B9C85FA0042A687 /* Debug */ = {
			isa = XCBuildConfiguration;
			buildSettings = {
				ALWAYS_EMBED_SWIFT_STANDARD_LIBRARIES = YES;
				BUNDLE_LOADER = "$(TEST_HOST)";
				CODE_SIGN_STYLE = Automatic;
				CURRENT_PROJECT_VERSION = 1;
				DEVELOPMENT_TEAM = 4BU3XJ6FN7;
				GENERATE_INFOPLIST_FILE = YES;
				IPHONEOS_DEPLOYMENT_TARGET = 17.2;
				MARKETING_VERSION = 1.0;
				PRODUCT_BUNDLE_IDENTIFIER = demo.HospitalAppTests;
				PRODUCT_NAME = "$(TARGET_NAME)";
				SWIFT_EMIT_LOC_STRINGS = NO;
				SWIFT_VERSION = 5.0;
				TARGETED_DEVICE_FAMILY = "1,2";
				TEST_HOST = "$(BUILT_PRODUCTS_DIR)/HospitalApp.app/$(BUNDLE_EXECUTABLE_FOLDER_PATH)/HospitalApp";
			};
			name = Debug;
		};
		EF2E15732B9C85FA0042A687 /* Release */ = {
			isa = XCBuildConfiguration;
			buildSettings = {
				ALWAYS_EMBED_SWIFT_STANDARD_LIBRARIES = YES;
				BUNDLE_LOADER = "$(TEST_HOST)";
				CODE_SIGN_STYLE = Automatic;
				CURRENT_PROJECT_VERSION = 1;
				DEVELOPMENT_TEAM = 4BU3XJ6FN7;
				GENERATE_INFOPLIST_FILE = YES;
				IPHONEOS_DEPLOYMENT_TARGET = 17.2;
				MARKETING_VERSION = 1.0;
				PRODUCT_BUNDLE_IDENTIFIER = demo.HospitalAppTests;
				PRODUCT_NAME = "$(TARGET_NAME)";
				SWIFT_EMIT_LOC_STRINGS = NO;
				SWIFT_VERSION = 5.0;
				TARGETED_DEVICE_FAMILY = "1,2";
				TEST_HOST = "$(BUILT_PRODUCTS_DIR)/HospitalApp.app/$(BUNDLE_EXECUTABLE_FOLDER_PATH)/HospitalApp";
			};
			name = Release;
		};
		EF2E15752B9C85FA0042A687 /* Debug */ = {
			isa = XCBuildConfiguration;
			buildSettings = {
				ALWAYS_EMBED_SWIFT_STANDARD_LIBRARIES = YES;
				CODE_SIGN_STYLE = Automatic;
				CURRENT_PROJECT_VERSION = 1;
				DEVELOPMENT_TEAM = 4BU3XJ6FN7;
				GENERATE_INFOPLIST_FILE = YES;
				MARKETING_VERSION = 1.0;
				PRODUCT_BUNDLE_IDENTIFIER = demo.HospitalAppUITests;
				PRODUCT_NAME = "$(TARGET_NAME)";
				SWIFT_EMIT_LOC_STRINGS = NO;
				SWIFT_VERSION = 5.0;
				TARGETED_DEVICE_FAMILY = "1,2";
				TEST_TARGET_NAME = HospitalApp;
			};
			name = Debug;
		};
		EF2E15762B9C85FA0042A687 /* Release */ = {
			isa = XCBuildConfiguration;
			buildSettings = {
				ALWAYS_EMBED_SWIFT_STANDARD_LIBRARIES = YES;
				CODE_SIGN_STYLE = Automatic;
				CURRENT_PROJECT_VERSION = 1;
				DEVELOPMENT_TEAM = 4BU3XJ6FN7;
				GENERATE_INFOPLIST_FILE = YES;
				MARKETING_VERSION = 1.0;
				PRODUCT_BUNDLE_IDENTIFIER = demo.HospitalAppUITests;
				PRODUCT_NAME = "$(TARGET_NAME)";
				SWIFT_EMIT_LOC_STRINGS = NO;
				SWIFT_VERSION = 5.0;
				TARGETED_DEVICE_FAMILY = "1,2";
				TEST_TARGET_NAME = HospitalApp;
			};
			name = Release;
		};
/* End XCBuildConfiguration section */

/* Begin XCConfigurationList section */
		EF2E153C2B9C85F80042A687 /* Build configuration list for PBXProject "HospitalApp" */ = {
			isa = XCConfigurationList;
			buildConfigurations = (
				EF2E156C2B9C85FA0042A687 /* Debug */,
				EF2E156D2B9C85FA0042A687 /* Release */,
			);
			defaultConfigurationIsVisible = 0;
			defaultConfigurationName = Release;
		};
		EF2E156E2B9C85FA0042A687 /* Build configuration list for PBXNativeTarget "HospitalApp" */ = {
			isa = XCConfigurationList;
			buildConfigurations = (
				EF2E156F2B9C85FA0042A687 /* Debug */,
				EF2E15702B9C85FA0042A687 /* Release */,
			);
			defaultConfigurationIsVisible = 0;
			defaultConfigurationName = Release;
		};
		EF2E15712B9C85FA0042A687 /* Build configuration list for PBXNativeTarget "HospitalAppTests" */ = {
			isa = XCConfigurationList;
			buildConfigurations = (
				EF2E15722B9C85FA0042A687 /* Debug */,
				EF2E15732B9C85FA0042A687 /* Release */,
			);
			defaultConfigurationIsVisible = 0;
			defaultConfigurationName = Release;
		};
		EF2E15742B9C85FA0042A687 /* Build configuration list for PBXNativeTarget "HospitalAppUITests" */ = {
			isa = XCConfigurationList;
			buildConfigurations = (
				EF2E15752B9C85FA0042A687 /* Debug */,
				EF2E15762B9C85FA0042A687 /* Release */,
			);
			defaultConfigurationIsVisible = 0;
			defaultConfigurationName = Release;
		};
/* End XCConfigurationList section */

/* Begin XCVersionGroup section */
		EF2E154D2B9C85F80042A687 /* HospitalApp.xcdatamodeld */ = {
			isa = XCVersionGroup;
			children = (
				EF2E154E2B9C85F80042A687 /* HospitalApp.xcdatamodel */,
			);
			currentVersion = EF2E154E2B9C85F80042A687 /* HospitalApp.xcdatamodel */;
			path = HospitalApp.xcdatamodeld;
			sourceTree = "<group>";
			versionGroupType = wrapper.xcdatamodel;
		};
/* End XCVersionGroup section */
	};
	rootObject = EF2E15392B9C85F80042A687 /* Project object */;
}
